
Microsoft Visual Studio Solution File, Format Version 12.00
# Visual Studio Version 16
VisualStudioVersion = 16.0.29123.88
MinimumVisualStudioVersion = 10.0.40219.1
Project("{FAE04EC0-301F-11D3-BF4B-00C04F79EFBC}") = "QueryableDemo", "QueryableDemo\QueryableDemo.csproj", "{CC6EAA8B-1B60-4906-8877-71D0056431BD}"
EndProject
Global
	GlobalSection(SolutionConfigurationPlatforms) = preSolution
		Debug|Any CPU = Debug|Any CPU
		Release|Any CPU = Release|Any CPU
	EndGlobalSection
	GlobalSection(ProjectConfigurationPlatforms) = postSolution
		{CC6EAA8B-1B60-4906-8877-71D0056431BD}.Debug|Any CPU.ActiveCfg = Debug|Any CPU
		{CC6EAA8B-1B60-4906-8877-71D0056431BD}.Debug|Any CPU.Build.0 = Debug|Any CPU
		{CC6EAA8B-1B60-4906-8877-71D0056431BD}.Release|Any CPU.ActiveCfg = Release|Any CPU
		{CC6EAA8B-1B60-4906-8877-71D0056431BD}.Release|Any CPU.Build.0 = Release|Any CPU
	EndGlobalSection
	GlobalSection(SolutionProperties) = preSolution
		HideSolutionNode = FALSE
	EndGlobalSection
	GlobalSection(ExtensibilityGlobals) = postSolution
		SolutionGuid = {7EBB7BCF-D762-4979-8EA2-24C503CF0794}
	EndGlobalSection
EndGlobal
